# This file is automatically @generated by Cargo.
# It is not intended for manual editing.
version = 4

[[package]]
name = "anstream"
version = "0.6.18"
source = "registry+https://github.com/rust-lang/crates.io-index"
checksum = "8acc5369981196006228e28809f761875c0327210a891e941f4c683b3a99529b"
dependencies = [
 "anstyle",
 "anstyle-parse",
 "anstyle-query",
 "anstyle-wincon",
 "colorchoice",
 "is_terminal_polyfill",
 "utf8parse",
]

[[package]]
name = "anstyle"
version = "1.0.10"
source = "registry+https://github.com/rust-lang/crates.io-index"
checksum = "55cc3b69f167a1ef2e161439aa98aed94e6028e5f9a59be9a6ffb47aef1651f9"

[[package]]
name = "anstyle-parse"
version = "0.2.6"
source = "registry+https://github.com/rust-lang/crates.io-index"
checksum = "3b2d16507662817a6a20a9ea92df6652ee4f94f914589377d69f3b21bc5798a9"
dependencies = [
 "utf8parse",
]

[[package]]
name = "anstyle-query"
version = "1.1.2"
source = "registry+https://github.com/rust-lang/crates.io-index"
checksum = "79947af37f4177cfead1110013d678905c37501914fba0efea834c3fe9a8d60c"
dependencies = [
 "windows-sys",
]

[[package]]
name = "anstyle-wincon"
version = "3.0.7"
source = "registry+https://github.com/rust-lang/crates.io-index"
checksum = "ca3534e77181a9cc07539ad51f2141fe32f6c3ffd4df76db8ad92346b003ae4e"
dependencies = [
 "anstyle",
 "once_cell",
 "windows-sys",
]

[[package]]
name = "assert_float_eq"
version = "1.1.3"
source = "registry+https://github.com/rust-lang/crates.io-index"
checksum = "4cea652ffbedecf29e9cd41bb4c066881057a42c0c119040f022802b26853e77"

[[package]]
name = "astrolabe"
version = "0.1.0"
dependencies = [
 "assert_float_eq",
 "coordinates",
 "derive_builder",
 "dyn-clone",
 "dyn_partial_eq",
 "getrandom",
 "gloo-utils",
 "quaternion",
 "rand",
 "rand_distr",
 "rand_xorshift",
 "serde",
 "serde_json",
 "svg",
 "typetag",
 "wasm-bindgen",
 "wasm-bindgen-test",
]

[[package]]
name = "astrolabe-bin"
version = "0.1.0"
dependencies = [
 "astrolabe",
 "clap",
 "rand",
 "rand_xorshift",
 "serde_json",
]

[[package]]
name = "autocfg"
version = "1.4.0"
source = "registry+https://github.com/rust-lang/crates.io-index"
checksum = "ace50bade8e6234aa140d9a2f552bbee1db4d353f69b8217bc503490fc1a9f26"

[[package]]
name = "bumpalo"
version = "3.16.0"
source = "registry+https://github.com/rust-lang/crates.io-index"
checksum = "79296716171880943b8470b5f8d03aa55eb2e645a4874bdbb28adb49162e012c"

[[package]]
name = "byteorder"
version = "1.5.0"
source = "registry+https://github.com/rust-lang/crates.io-index"
checksum = "1fd0f2584146f6f2ef48085050886acf353beff7305ebd1ae69500e27c67f64b"

[[package]]
name = "cfg-if"
version = "0.1.10"
source = "registry+https://github.com/rust-lang/crates.io-index"
checksum = "4785bdd1c96b2a846b2bd7cc02e86b6b3dbf14e7e53446c4f54c92a361040822"

[[package]]
name = "cfg-if"
version = "1.0.0"
source = "registry+https://github.com/rust-lang/crates.io-index"
checksum = "baf1de4339761588bc0619e3cbc0120ee582ebb74b53b4efbf79117bd2da40fd"

[[package]]
name = "clap"
version = "4.5.26"
source = "registry+https://github.com/rust-lang/crates.io-index"
checksum = "a8eb5e908ef3a6efbe1ed62520fb7287959888c88485abe072543190ecc66783"
dependencies = [
 "clap_builder",
 "clap_derive",
]

[[package]]
name = "clap_builder"
version = "4.5.26"
source = "registry+https://github.com/rust-lang/crates.io-index"
checksum = "96b01801b5fc6a0a232407abc821660c9c6d25a1cafc0d4f85f29fb8d9afc121"
dependencies = [
 "anstream",
 "anstyle",
 "clap_lex",
 "strsim",
]

[[package]]
name = "clap_derive"
version = "4.5.24"
source = "registry+https://github.com/rust-lang/crates.io-index"
checksum = "54b755194d6389280185988721fffba69495eed5ee9feeee9a599b53db80318c"
dependencies = [
 "heck",
 "proc-macro2 1.0.89",
 "quote 1.0.37",
 "syn 2.0.85",
]

[[package]]
name = "clap_lex"
version = "0.7.4"
source = "registry+https://github.com/rust-lang/crates.io-index"
checksum = "f46ad14479a25103f283c0f10005961cf086d8dc42205bb44c46ac563475dca6"

[[package]]
name = "colorchoice"
version = "1.0.3"
source = "registry+https://github.com/rust-lang/crates.io-index"
checksum = "5b63caa9aa9397e2d9480a9b13673856c78d8ac123288526c37d7839f2a86990"

[[package]]
name = "console_error_panic_hook"
version = "0.1.7"
source = "registry+https://github.com/rust-lang/crates.io-index"
checksum = "a06aeb73f470f66dcdbf7223caeebb85984942f22f1adb2a088cf9668146bbbc"
dependencies = [
 "cfg-if 1.0.0",
 "wasm-bindgen",
]

[[package]]
name = "coordinates"
version = "0.3.1"
source = "registry+https://github.com/rust-lang/crates.io-index"
checksum = "8cb832df8777bce34879b8b92c55f492c4be377646ef93f16b9b58f3cf5e9bdb"
dependencies = [
 "num-traits",
 "roots",
 "serde",
]

[[package]]
name = "darling"
version = "0.20.10"
source = "registry+https://github.com/rust-lang/crates.io-index"
checksum = "6f63b86c8a8826a49b8c21f08a2d07338eec8d900540f8630dc76284be802989"
dependencies = [
 "darling_core",
 "darling_macro",
]

[[package]]
name = "darling_core"
version = "0.20.10"
source = "registry+https://github.com/rust-lang/crates.io-index"
checksum = "95133861a8032aaea082871032f5815eb9e98cef03fa916ab4500513994df9e5"
dependencies = [
 "fnv",
 "ident_case",
 "proc-macro2 1.0.89",
 "quote 1.0.37",
 "strsim",
 "syn 2.0.85",
]

[[package]]
name = "darling_macro"
version = "0.20.10"
source = "registry+https://github.com/rust-lang/crates.io-index"
checksum = "d336a2a514f6ccccaa3e09b02d41d35330c07ddf03a62165fcec10bb561c7806"
dependencies = [
 "darling_core",
 "quote 1.0.37",
 "syn 2.0.85",
]

[[package]]
name = "derive_builder"
version = "0.20.2"
source = "registry+https://github.com/rust-lang/crates.io-index"
checksum = "507dfb09ea8b7fa618fcf76e953f4f5e192547945816d5358edffe39f6f94947"
dependencies = [
 "derive_builder_macro",
]

[[package]]
name = "derive_builder_core"
version = "0.20.2"
source = "registry+https://github.com/rust-lang/crates.io-index"
checksum = "2d5bcf7b024d6835cfb3d473887cd966994907effbe9227e8c8219824d06c4e8"
dependencies = [
 "darling",
 "proc-macro2 1.0.89",
 "quote 1.0.37",
 "syn 2.0.85",
]

[[package]]
name = "derive_builder_macro"
version = "0.20.2"
source = "registry+https://github.com/rust-lang/crates.io-index"
checksum = "ab63b0e2bf4d5928aff72e83a7dace85d7bba5fe12dcc3c5a572d78caffd3f3c"
dependencies = [
 "derive_builder_core",
 "syn 2.0.85",
]

[[package]]
name = "dyn-clone"
version = "1.0.17"
source = "registry+https://github.com/rust-lang/crates.io-index"
checksum = "0d6ef0072f8a535281e4876be788938b528e9a1d43900b82c2569af7da799125"

[[package]]
name = "dyn_partial_eq"
version = "0.1.2"
source = "registry+https://github.com/rust-lang/crates.io-index"
checksum = "a07039d197226c4b9a3810c4f165328fb4e715258a4b8584f143d38e9de04301"
dependencies = [
 "dyn_partial_eq_derive",
]

[[package]]
name = "dyn_partial_eq_derive"
version = "0.1.2"
source = "registry+https://github.com/rust-lang/crates.io-index"
checksum = "0e217c6c1435ebf9b88662354589d339192b8eaf506edd22951e75e045c8e8bd"
dependencies = [
 "quote 1.0.37",
 "syn 1.0.109",
]

[[package]]
name = "erased-serde"
version = "0.4.5"
source = "registry+https://github.com/rust-lang/crates.io-index"
checksum = "24e2389d65ab4fab27dc2a5de7b191e1f6617d1f1c8855c0dc569c94a4cbb18d"
dependencies = [
 "serde",
 "typeid",
]

[[package]]
name = "fnv"
version = "1.0.7"
source = "registry+https://github.com/rust-lang/crates.io-index"
checksum = "3f9eec918d3f24069decb9af1554cad7c880e2da24a9afd88aca000531ab82c1"

[[package]]
name = "futures"
version = "0.1.31"
source = "registry+https://github.com/rust-lang/crates.io-index"
checksum = "3a471a38ef8ed83cd6e40aa59c1ffe17db6855c18e3604d9c4ed8c08ebc28678"

[[package]]
name = "getrandom"
version = "0.2.15"
source = "registry+https://github.com/rust-lang/crates.io-index"
checksum = "c4567c8db10ae91089c99af84c68c38da3ec2f087c3f82960bcdbf3656b6f4d7"
dependencies = [
 "cfg-if 1.0.0",
 "js-sys",
 "libc",
 "wasi",
 "wasm-bindgen",
]

[[package]]
name = "gloo-utils"
version = "0.1.7"
source = "registry+https://github.com/rust-lang/crates.io-index"
checksum = "037fcb07216cb3a30f7292bd0176b050b7b9a052ba830ef7d5d65f6dc64ba58e"
dependencies = [
 "js-sys",
 "serde",
 "serde_json",
 "wasm-bindgen",
 "web-sys",
]

[[package]]
name = "heck"
version = "0.5.0"
source = "registry+https://github.com/rust-lang/crates.io-index"
checksum = "2304e00983f87ffb38b55b444b5e3b60a884b5d30c0fca7d82fe33449bbe55ea"

[[package]]
name = "ident_case"
version = "1.0.1"
source = "registry+https://github.com/rust-lang/crates.io-index"
checksum = "b9e0384b61958566e926dc50660321d12159025e767c18e043daf26b70104c39"

[[package]]
name = "inventory"
version = "0.3.15"
source = "registry+https://github.com/rust-lang/crates.io-index"
checksum = "f958d3d68f4167080a18141e10381e7634563984a537f2a49a30fd8e53ac5767"

[[package]]
name = "is_terminal_polyfill"
version = "1.70.1"
source = "registry+https://github.com/rust-lang/crates.io-index"
checksum = "7943c866cc5cd64cbc25b2e01621d07fa8eb2a1a23160ee81ce38704e97b8ecf"

[[package]]
name = "itoa"
version = "1.0.11"
source = "registry+https://github.com/rust-lang/crates.io-index"
checksum = "49f1f14873335454500d59611f1cf4a4b0f786f9ac11f4312a78e4cf2566695b"

[[package]]
name = "js-sys"
version = "0.3.76"
source = "registry+https://github.com/rust-lang/crates.io-index"
checksum = "6717b6b5b077764fb5966237269cb3c64edddde4b14ce42647430a78ced9e7b7"
dependencies = [
 "once_cell",
 "wasm-bindgen",
]

[[package]]
name = "libc"
version = "0.2.161"
source = "registry+https://github.com/rust-lang/crates.io-index"
checksum = "8e9489c2807c139ffd9c1794f4af0ebe86a828db53ecdc7fea2111d0fed085d1"

[[package]]
name = "libm"
version = "0.2.11"
source = "registry+https://github.com/rust-lang/crates.io-index"
checksum = "8355be11b20d696c8f18f6cc018c4e372165b1fa8126cef092399c9951984ffa"

[[package]]
name = "log"
version = "0.4.24"
source = "registry+https://github.com/rust-lang/crates.io-index"
checksum = "3d6ea2a48c204030ee31a7d7fc72c93294c92fe87ecb1789881c9543516e1a0d"

[[package]]
name = "memchr"
version = "2.7.4"
source = "registry+https://github.com/rust-lang/crates.io-index"
checksum = "78ca9ab1a0babb1e7d5695e3530886289c18cf2f87ec19a575a0abdce112e3a3"

[[package]]
name = "num-traits"
version = "0.2.19"
source = "registry+https://github.com/rust-lang/crates.io-index"
checksum = "071dfc062690e90b734c0b2273ce72ad0ffa95f0c74596bc250dcfd960262841"
dependencies = [
 "autocfg",
 "libm",
]

[[package]]
name = "once_cell"
version = "1.20.2"
source = "registry+https://github.com/rust-lang/crates.io-index"
checksum = "1261fe7e33c73b354eab43b1273a57c8f967d0391e80353e51f764ac02cf6775"

[[package]]
name = "piston-float"
version = "1.0.1"
source = "registry+https://github.com/rust-lang/crates.io-index"
checksum = "ad78bf43dcf80e8f950c92b84f938a0fc7590b7f6866fbcbeca781609c115590"

[[package]]
name = "ppv-lite86"
version = "0.2.20"
source = "registry+https://github.com/rust-lang/crates.io-index"
checksum = "77957b295656769bb8ad2b6a6b09d897d94f05c41b069aede1fcdaa675eaea04"
dependencies = [
 "zerocopy",
]

[[package]]
name = "proc-macro2"
version = "0.4.30"
source = "registry+https://github.com/rust-lang/crates.io-index"
checksum = "cf3d2011ab5c909338f7887f4fc896d35932e29146c12c8d01da6b22a80ba759"
dependencies = [
 "unicode-xid",
]

[[package]]
name = "proc-macro2"
version = "1.0.89"
source = "registry+https://github.com/rust-lang/crates.io-index"
checksum = "f139b0662de085916d1fb67d2b4169d1addddda1919e696f3252b740b629986e"
dependencies = [
 "unicode-ident",
]

[[package]]
name = "quaternion"
version = "1.0.0"
source = "registry+https://github.com/rust-lang/crates.io-index"
checksum = "f228fdb4cf3d4f76c98dc318b73f23df2bd7cbed8319e9ee28696aaf4737c0b3"
dependencies = [
 "vecmath",
]

[[package]]
name = "quote"
version = "0.6.13"
source = "registry+https://github.com/rust-lang/crates.io-index"
checksum = "6ce23b6b870e8f94f81fb0a363d65d86675884b34a09043c81e5562f11c1f8e1"
dependencies = [
 "proc-macro2 0.4.30",
]

[[package]]
name = "quote"
version = "1.0.37"
source = "registry+https://github.com/rust-lang/crates.io-index"
checksum = "b5b9d34b8991d19d98081b46eacdd8eb58c6f2b201139f7c5f643cc155a633af"
dependencies = [
 "proc-macro2 1.0.89",
]

[[package]]
name = "rand"
version = "0.8.5"
source = "registry+https://github.com/rust-lang/crates.io-index"
checksum = "34af8d1a0e25924bc5b7c43c079c942339d8f0a8b57c39049bef581b46327404"
dependencies = [
 "libc",
 "rand_chacha",
 "rand_core",
]

[[package]]
name = "rand_chacha"
version = "0.3.1"
source = "registry+https://github.com/rust-lang/crates.io-index"
checksum = "e6c10a63a0fa32252be49d21e7709d4d4baf8d231c2dbce1eaa8141b9b127d88"
dependencies = [
 "ppv-lite86",
 "rand_core",
]

[[package]]
name = "rand_core"
version = "0.6.4"
source = "registry+https://github.com/rust-lang/crates.io-index"
checksum = "ec0be4795e2f6a28069bec0b5ff3e2ac9bafc99e6a9a7dc3547996c5c816922c"
dependencies = [
 "getrandom",
]

[[package]]
name = "rand_distr"
version = "0.4.3"
source = "registry+https://github.com/rust-lang/crates.io-index"
checksum = "32cb0b9bc82b0a0876c2dd994a7e7a2683d3e7390ca40e6886785ef0c7e3ee31"
dependencies = [
 "num-traits",
 "rand",
]

[[package]]
name = "rand_xorshift"
version = "0.3.0"
source = "registry+https://github.com/rust-lang/crates.io-index"
checksum = "d25bf25ec5ae4a3f1b92f929810509a2f53d7dca2f50b794ff57e3face536c8f"
dependencies = [
 "rand_core",
]

[[package]]
name = "roots"
version = "0.0.7"
source = "registry+https://github.com/rust-lang/crates.io-index"
checksum = "1c36d2bbc763f480668d6d6790ae2fdd2e52ac0c21a3a26d156f3534a3d9eea9"

[[package]]
name = "ryu"
version = "1.0.18"
source = "registry+https://github.com/rust-lang/crates.io-index"
checksum = "f3cb5ba0dc43242ce17de99c180e96db90b235b8a9fdc9543c96d2209116bd9f"

[[package]]
name = "scoped-tls"
version = "1.0.1"
source = "registry+https://github.com/rust-lang/crates.io-index"
checksum = "e1cf6437eb19a8f4a6cc0f7dca544973b0b78843adbfeb3683d1a94a0024a294"

[[package]]
name = "serde"
version = "1.0.214"
source = "registry+https://github.com/rust-lang/crates.io-index"
checksum = "f55c3193aca71c12ad7890f1785d2b73e1b9f63a0bbc353c08ef26fe03fc56b5"
dependencies = [
 "serde_derive",
]

[[package]]
name = "serde_derive"
version = "1.0.214"
source = "registry+https://github.com/rust-lang/crates.io-index"
checksum = "de523f781f095e28fa605cdce0f8307e451cc0fd14e2eb4cd2e98a355b147766"
dependencies = [
 "proc-macro2 1.0.89",
 "quote 1.0.37",
 "syn 2.0.85",
]

[[package]]
name = "serde_json"
version = "1.0.132"
source = "registry+https://github.com/rust-lang/crates.io-index"
checksum = "d726bfaff4b320266d395898905d0eba0345aae23b54aee3a737e260fd46db03"
dependencies = [
 "itoa",
 "memchr",
 "ryu",
 "serde",
]

[[package]]
name = "strsim"
version = "0.11.1"
source = "registry+https://github.com/rust-lang/crates.io-index"
checksum = "7da8b5736845d9f2fcb837ea5d9e2628564b3b043a70948a3f0b778838c5fb4f"

[[package]]
name = "svg"
version = "0.18.0"
source = "registry+https://github.com/rust-lang/crates.io-index"
checksum = "94afda9cd163c04f6bee8b4bf2501c91548deae308373c436f36aeff3cf3c4a3"

[[package]]
name = "syn"
version = "1.0.109"
source = "registry+https://github.com/rust-lang/crates.io-index"
checksum = "72b64191b275b66ffe2469e8af2c1cfe3bafa67b529ead792a6d0160888b4237"
dependencies = [
 "proc-macro2 1.0.89",
 "quote 1.0.37",
 "unicode-ident",
]

[[package]]
name = "syn"
version = "2.0.85"
source = "registry+https://github.com/rust-lang/crates.io-index"
checksum = "5023162dfcd14ef8f32034d8bcd4cc5ddc61ef7a247c024a33e24e1f24d21b56"
dependencies = [
 "proc-macro2 1.0.89",
 "quote 1.0.37",
 "unicode-ident",
]

[[package]]
name = "typeid"
version = "1.0.2"
source = "registry+https://github.com/rust-lang/crates.io-index"
checksum = "0e13db2e0ccd5e14a544e8a246ba2312cd25223f616442d7f2cb0e3db614236e"

[[package]]
name = "typetag"
version = "0.2.18"
source = "registry+https://github.com/rust-lang/crates.io-index"
checksum = "52ba3b6e86ffe0054b2c44f2d86407388b933b16cb0a70eea3929420db1d9bbe"
dependencies = [
 "erased-serde",
 "inventory",
 "once_cell",
 "serde",
 "typetag-impl",
]

[[package]]
name = "typetag-impl"
version = "0.2.18"
source = "registry+https://github.com/rust-lang/crates.io-index"
checksum = "70b20a22c42c8f1cd23ce5e34f165d4d37038f5b663ad20fb6adbdf029172483"
dependencies = [
 "proc-macro2 1.0.89",
 "quote 1.0.37",
 "syn 2.0.85",
]

[[package]]
name = "unicode-ident"
version = "1.0.13"
source = "registry+https://github.com/rust-lang/crates.io-index"
checksum = "e91b56cd4cadaeb79bbf1a5645f6b4f8dc5bde8834ad5894a8db35fda9efa1fe"

[[package]]
name = "unicode-xid"
version = "0.1.0"
source = "registry+https://github.com/rust-lang/crates.io-index"
checksum = "fc72304796d0818e357ead4e000d19c9c174ab23dc11093ac919054d20a6a7fc"

[[package]]
name = "utf8parse"
version = "0.2.2"
source = "registry+https://github.com/rust-lang/crates.io-index"
checksum = "06abde3611657adf66d383f00b093d7faecc7fa57071cce2578660c9f1010821"

[[package]]
name = "vecmath"
version = "1.0.0"
source = "registry+https://github.com/rust-lang/crates.io-index"
checksum = "956ae1e0d85bca567dee1dcf87fb1ca2e792792f66f87dced8381f99cd91156a"
dependencies = [
 "piston-float",
]

[[package]]
name = "wasi"
version = "0.11.0+wasi-snapshot-preview1"
source = "registry+https://github.com/rust-lang/crates.io-index"
checksum = "9c8d87e72b64a3b4db28d11ce29237c246188f4f51057d65a7eab63b7987e423"

[[package]]
name = "wasm-bindgen"
version = "0.2.99"
source = "registry+https://github.com/rust-lang/crates.io-index"
checksum = "a474f6281d1d70c17ae7aa6a613c87fce69a127e2624002df63dcb39d6cf6396"
dependencies = [
 "cfg-if 1.0.0",
 "once_cell",
 "wasm-bindgen-macro",
]

[[package]]
name = "wasm-bindgen-backend"
version = "0.2.99"
source = "registry+https://github.com/rust-lang/crates.io-index"
checksum = "5f89bb38646b4f81674e8f5c3fb81b562be1fd936d84320f3264486418519c79"
dependencies = [
 "bumpalo",
 "log",
 "proc-macro2 1.0.89",
 "quote 1.0.37",
 "syn 2.0.85",
 "wasm-bindgen-shared",
]

[[package]]
name = "wasm-bindgen-futures"
version = "0.3.27"
source = "registry+https://github.com/rust-lang/crates.io-index"
checksum = "83420b37346c311b9ed822af41ec2e82839bfe99867ec6c54e2da43b7538771c"
dependencies = [
 "cfg-if 0.1.10",
 "futures",
 "js-sys",
 "wasm-bindgen",
 "web-sys",
]

[[package]]
name = "wasm-bindgen-macro"
version = "0.2.99"
source = "registry+https://github.com/rust-lang/crates.io-index"
checksum = "2cc6181fd9a7492eef6fef1f33961e3695e4579b9872a6f7c83aee556666d4fe"
dependencies = [
 "quote 1.0.37",
 "wasm-bindgen-macro-support",
]

[[package]]
name = "wasm-bindgen-macro-support"
version = "0.2.99"
source = "registry+https://github.com/rust-lang/crates.io-index"
checksum = "30d7a95b763d3c45903ed6c81f156801839e5ee968bb07e534c44df0fcd330c2"
dependencies = [
 "proc-macro2 1.0.89",
 "quote 1.0.37",
 "syn 2.0.85",
 "wasm-bindgen-backend",
 "wasm-bindgen-shared",
]

[[package]]
name = "wasm-bindgen-shared"
version = "0.2.99"
source = "registry+https://github.com/rust-lang/crates.io-index"
checksum = "943aab3fdaaa029a6e0271b35ea10b72b943135afe9bffca82384098ad0e06a6"

[[package]]
name = "wasm-bindgen-test"
version = "0.2.50"
source = "registry+https://github.com/rust-lang/crates.io-index"
checksum = "a2d9693b63a742d481c7f80587e057920e568317b2806988c59cd71618bc26c1"
dependencies = [
 "console_error_panic_hook",
 "futures",
 "js-sys",
 "scoped-tls",
 "wasm-bindgen",
 "wasm-bindgen-futures",
 "wasm-bindgen-test-macro",
]

[[package]]
name = "wasm-bindgen-test-macro"
version = "0.2.50"
source = "registry+https://github.com/rust-lang/crates.io-index"
checksum = "0789dac148a8840bbcf9efe13905463b733fa96543bfbf263790535c11af7ba5"
dependencies = [
 "proc-macro2 0.4.30",
 "quote 0.6.13",
]

[[package]]
name = "web-sys"
version = "0.3.76"
source = "registry+https://github.com/rust-lang/crates.io-index"
checksum = "04dd7223427d52553d3702c004d3b2fe07c148165faa56313cb00211e31c12bc"
dependencies = [
 "js-sys",
 "wasm-bindgen",
]

[[package]]
name = "windows-sys"
version = "0.59.0"
source = "registry+https://github.com/rust-lang/crates.io-index"
checksum = "1e38bc4d79ed67fd075bcc251a1c39b32a1776bbe92e5bef1f0bf1f8c531853b"
dependencies = [
 "windows-targets",
]

[[package]]
name = "windows-targets"
version = "0.52.6"
source = "registry+https://github.com/rust-lang/crates.io-index"
checksum = "9b724f72796e036ab90c1021d4780d4d3d648aca59e491e6b98e725b84e99973"
dependencies = [
 "windows_aarch64_gnullvm",
 "windows_aarch64_msvc",
 "windows_i686_gnu",
 "windows_i686_gnullvm",
 "windows_i686_msvc",
 "windows_x86_64_gnu",
 "windows_x86_64_gnullvm",
 "windows_x86_64_msvc",
]

[[package]]
name = "windows_aarch64_gnullvm"
version = "0.52.6"
source = "registry+https://github.com/rust-lang/crates.io-index"
checksum = "32a4622180e7a0ec044bb555404c800bc9fd9ec262ec147edd5989ccd0c02cd3"

[[package]]
name = "windows_aarch64_msvc"
version = "0.52.6"
source = "registry+https://github.com/rust-lang/crates.io-index"
checksum = "09ec2a7bb152e2252b53fa7803150007879548bc709c039df7627cabbd05d469"

[[package]]
name = "windows_i686_gnu"
version = "0.52.6"
source = "registry+https://github.com/rust-lang/crates.io-index"
checksum = "8e9b5ad5ab802e97eb8e295ac6720e509ee4c243f69d781394014ebfe8bbfa0b"

[[package]]
name = "windows_i686_gnullvm"
version = "0.52.6"
source = "registry+https://github.com/rust-lang/crates.io-index"
checksum = "0eee52d38c090b3caa76c563b86c3a4bd71ef1a819287c19d586d7334ae8ed66"

[[package]]
name = "windows_i686_msvc"
version = "0.52.6"
source = "registry+https://github.com/rust-lang/crates.io-index"
checksum = "240948bc05c5e7c6dabba28bf89d89ffce3e303022809e73deaefe4f6ec56c66"

[[package]]
name = "windows_x86_64_gnu"
version = "0.52.6"
source = "registry+https://github.com/rust-lang/crates.io-index"
checksum = "147a5c80aabfbf0c7d901cb5895d1de30ef2907eb21fbbab29ca94c5b08b1a78"

[[package]]
name = "windows_x86_64_gnullvm"
version = "0.52.6"
source = "registry+https://github.com/rust-lang/crates.io-index"
checksum = "24d5b23dc417412679681396f2b49f3de8c1473deb516bd34410872eff51ed0d"

[[package]]
name = "windows_x86_64_msvc"
version = "0.52.6"
source = "registry+https://github.com/rust-lang/crates.io-index"
checksum = "589f6da84c646204747d1270a2a5661ea66ed1cced2631d546fdfb155959f9ec"

[[package]]
name = "zerocopy"
version = "0.7.35"
source = "registry+https://github.com/rust-lang/crates.io-index"
checksum = "1b9b4fd18abc82b8136838da5d50bae7bdea537c574d8dc1a34ed098d6c166f0"
dependencies = [
 "byteorder",
 "zerocopy-derive",
]

[[package]]
name = "zerocopy-derive"
version = "0.7.35"
source = "registry+https://github.com/rust-lang/crates.io-index"
checksum = "fa4f8080344d4671fb4e831a13ad1e68092748387dfc4f55e356242fae12ce3e"
dependencies = [
 "proc-macro2 1.0.89",
 "quote 1.0.37",
 "syn 2.0.85",
]
